
Microsoft Visual Studio Solution File, Format Version 12.00
# Visual Studio Version 17
VisualStudioVersion = 17.14.36603.0 d17.14
MinimumVisualStudioVersion = 10.0.40219.1
Project("{FAE04EC0-301F-11D3-BF4B-00C04F79EFBC}") = "BankingApplication", "BankingApplication.csproj", "{E6AC6DC7-F8AD-47CA-8B30-F4A89FD157B0}"
EndProject
Global
	GlobalSection(SolutionConfigurationPlatforms) = preSolution
		Debug|Any CPU = Debug|Any CPU
		Release|Any CPU = Release|Any CPU
	EndGlobalSection
	GlobalSection(ProjectConfigurationPlatforms) = postSolution
		{E6AC6DC7-F8AD-47CA-8B30-F4A89FD157B0}.Debug|Any CPU.ActiveCfg = Debug|Any CPU
		{E6AC6DC7-F8AD-47CA-8B30-F4A89FD157B0}.Debug|Any CPU.Build.0 = Debug|Any CPU
		{E6AC6DC7-F8AD-47CA-8B30-F4A89FD157B0}.Release|Any CPU.ActiveCfg = Release|Any CPU
		{E6AC6DC7-F8AD-47CA-8B30-F4A89FD157B0}.Release|Any CPU.Build.0 = Release|Any CPU
	EndGlobalSection
	GlobalSection(SolutionProperties) = preSolution
		HideSolutionNode = FALSE
	EndGlobalSection
	GlobalSection(ExtensibilityGlobals) = postSolution
		SolutionGuid = {260D66F3-5AE6-4764-B92B-0C959BC51C89}
	EndGlobalSection
EndGlobal
